// !$*UTF8*$!
{
	archiveVersion = 1;
	classes = {
	};
	objectVersion = 46;
	objects = {

/* Begin PBXBuildFile section */
		D4DB064417EB4E260019C5DB /* UIKit.framework in Frameworks */ = {isa = PBXBuildFile; fileRef = D4DB064317EB4E260019C5DB /* UIKit.framework */; };
		D4DB064617EB4E260019C5DB /* Foundation.framework in Frameworks */ = {isa = PBXBuildFile; fileRef = D4DB064517EB4E260019C5DB /* Foundation.framework */; };
		D4DB064817EB4E260019C5DB /* CoreGraphics.framework in Frameworks */ = {isa = PBXBuildFile; fileRef = D4DB064717EB4E260019C5DB /* CoreGraphics.framework */; };
		D4DB064E17EB4E260019C5DB /* InfoPlist.strings in Resources */ = {isa = PBXBuildFile; fileRef = D4DB064C17EB4E260019C5DB /* InfoPlist.strings */; };
		D4DB065017EB4E260019C5DB /* main.m in Sources */ = {isa = PBXBuildFile; fileRef = D4DB064F17EB4E260019C5DB /* main.m */; };
		D4DB065417EB4E260019C5DB /* MADAppDelegate.m in Sources */ = {isa = PBXBuildFile; fileRef = D4DB065317EB4E260019C5DB /* MADAppDelegate.m */; };
		D4DB065617EB4E260019C5DB /* Default.png in Resources */ = {isa = PBXBuildFile; fileRef = D4DB065517EB4E260019C5DB /* Default.png */; };
		D4DB065817EB4E260019C5DB /* Default@2x.png in Resources */ = {isa = PBXBuildFile; fileRef = D4DB065717EB4E260019C5DB /* Default@2x.png */; };
		D4DB065A17EB4E260019C5DB /* Default-568h@2x.png in Resources */ = {isa = PBXBuildFile; fileRef = D4DB065917EB4E260019C5DB /* Default-568h@2x.png */; };
		D4DB065D17EB4E260019C5DB /* MADViewController.m in Sources */ = {isa = PBXBuildFile; fileRef = D4DB065C17EB4E260019C5DB /* MADViewController.m */; };
		D4DB066017EB4E260019C5DB /* MADViewController.xib in Resources */ = {isa = PBXBuildFile; fileRef = D4DB065E17EB4E260019C5DB /* MADViewController.xib */; };
		D4DB066717EB608A0019C5DB /* tipCalcImage@2x.png in Resources */ = {isa = PBXBuildFile; fileRef = D4DB066617EB608A0019C5DB /* tipCalcImage@2x.png */; };
		D4DB066917EB608E0019C5DB /* tipCalcImage.png in Resources */ = {isa = PBXBuildFile; fileRef = D4DB066817EB608E0019C5DB /* tipCalcImage.png */; };
/* End PBXBuildFile section */

/* Begin PBXFileReference section */
		D4DB064017EB4E260019C5DB /* tipCalc.app */ = {isa = PBXFileReference; explicitFileType = wrapper.application; includeInIndex = 0; path = tipCalc.app; sourceTree = BUILT_PRODUCTS_DIR; };
		D4DB064317EB4E260019C5DB /* UIKit.framework */ = {isa = PBXFileReference; lastKnownFileType = wrapper.framework; name = UIKit.framework; path = System/Library/Frameworks/UIKit.framework; sourceTree = SDKROOT; };
		D4DB064517EB4E260019C5DB /* Foundation.framework */ = {isa = PBXFileReference; lastKnownFileType = wrapper.framework; name = Foundation.framework; path = System/Library/Frameworks/Foundation.framework; sourceTree = SDKROOT; };
		D4DB064717EB4E260019C5DB /* CoreGraphics.framework */ = {isa = PBXFileReference; lastKnownFileType = wrapper.framework; name = CoreGraphics.framework; path = System/Library/Frameworks/CoreGraphics.framework; sourceTree = SDKROOT; };
		D4DB064B17EB4E260019C5DB /* tipCalc-Info.plist */ = {isa = PBXFileReference; lastKnownFileType = text.plist.xml; path = "tipCalc-Info.plist"; sourceTree = "<group>"; };
		D4DB064D17EB4E260019C5DB /* en */ = {isa = PBXFileReference; lastKnownFileType = text.plist.strings; name = en; path = en.lproj/InfoPlist.strings; sourceTree = "<group>"; };
		D4DB064F17EB4E260019C5DB /* main.m */ = {isa = PBXFileReference; lastKnownFileType = sourcecode.c.objc; path = main.m; sourceTree = "<group>"; };
		D4DB065117EB4E260019C5DB /* tipCalc-Prefix.pch */ = {isa = PBXFileReference; lastKnownFileType = sourcecode.c.h; path = "tipCalc-Prefix.pch"; sourceTree = "<group>"; };
		D4DB065217EB4E260019C5DB /* MADAppDelegate.h */ = {isa = PBXFileReference; lastKnownFileType = sourcecode.c.h; path = MADAppDelegate.h; sourceTree = "<group>"; };
		D4DB065317EB4E260019C5DB /* MADAppDelegate.m */ = {isa = PBXFileReference; lastKnownFileType = sourcecode.c.objc; path = MADAppDelegate.m; sourceTree = "<group>"; };
		D4DB065517EB4E260019C5DB /* Default.png */ = {isa = PBXFileReference; lastKnownFileType = image.png; path = Default.png; sourceTree = "<group>"; };
		D4DB065717EB4E260019C5DB /* Default@2x.png */ = {isa = PBXFileReference; lastKnownFileType = image.png; path = "Default@2x.png"; sourceTree = "<group>"; };
		D4DB065917EB4E260019C5DB /* Default-568h@2x.png */ = {isa = PBXFileReference; lastKnownFileType = image.png; path = "Default-568h@2x.png"; sourceTree = "<group>"; };
		D4DB065B17EB4E260019C5DB /* MADViewController.h */ = {isa = PBXFileReference; lastKnownFileType = sourcecode.c.h; path = MADViewController.h; sourceTree = "<group>"; };
		D4DB065C17EB4E260019C5DB /* MADViewController.m */ = {isa = PBXFileReference; lastKnownFileType = sourcecode.c.objc; path = MADViewController.m; sourceTree = "<group>"; };
		D4DB065F17EB4E260019C5DB /* en */ = {isa = PBXFileReference; lastKnownFileType = file.xib; name = en; path = en.lproj/MADViewController.xib; sourceTree = "<group>"; };
		D4DB066617EB608A0019C5DB /* tipCalcImage@2x.png */ = {isa = PBXFileReference; lastKnownFileType = image.png; path = "tipCalcImage@2x.png"; sourceTree = "<group>"; };
		D4DB066817EB608E0019C5DB /* tipCalcImage.png */ = {isa = PBXFileReference; lastKnownFileType = image.png; path = tipCalcImage.png; sourceTree = "<group>"; };
/* End PBXFileReference section */

/* Begin PBXFrameworksBuildPhase section */
		D4DB063D17EB4E260019C5DB /* Frameworks */ = {
			isa = PBXFrameworksBuildPhase;
			buildActionMask = 2147483647;
			files = (
				D4DB064417EB4E260019C5DB /* UIKit.framework in Frameworks */,
				D4DB064617EB4E260019C5DB /* Foundation.framework in Frameworks */,
				D4DB064817EB4E260019C5DB /* CoreGraphics.framework in Frameworks */,
			);
			runOnlyForDeploymentPostprocessing = 0;
		};
/* End PBXFrameworksBuildPhase section */

/* Begin PBXGroup section */
		D4DB063717EB4E260019C5DB = {
			isa = PBXGroup;
			children = (
				D4DB066817EB608E0019C5DB /* tipCalcImage.png */,
				D4DB066617EB608A0019C5DB /* tipCalcImage@2x.png */,
				D4DB064917EB4E260019C5DB /* tipCalc */,
				D4DB064217EB4E260019C5DB /* Frameworks */,
				D4DB064117EB4E260019C5DB /* Products */,
			);
			sourceTree = "<group>";
		};
		D4DB064117EB4E260019C5DB /* Products */ = {
			isa = PBXGroup;
			children = (
				D4DB064017EB4E260019C5DB /* tipCalc.app */,
			);
			name = Products;
			sourceTree = "<group>";
		};
		D4DB064217EB4E260019C5DB /* Frameworks */ = {
			isa = PBXGroup;
			children = (
				D4DB064317EB4E260019C5DB /* UIKit.framework */,
				D4DB064517EB4E260019C5DB /* Foundation.framework */,
				D4DB064717EB4E260019C5DB /* CoreGraphics.framework */,
			);
			name = Frameworks;
			sourceTree = "<group>";
		};
		D4DB064917EB4E260019C5DB /* tipCalc */ = {
			isa = PBXGroup;
			children = (
				D4DB065217EB4E260019C5DB /* MADAppDelegate.h */,
				D4DB065317EB4E260019C5DB /* MADAppDelegate.m */,
				D4DB065B17EB4E260019C5DB /* MADViewController.h */,
				D4DB065C17EB4E260019C5DB /* MADViewController.m */,
				D4DB065E17EB4E260019C5DB /* MADViewController.xib */,
				D4DB064A17EB4E260019C5DB /* Supporting Files */,
			);
			path = tipCalc;
			sourceTree = "<group>";
		};
		D4DB064A17EB4E260019C5DB /* Supporting Files */ = {
			isa = PBXGroup;
			children = (
				D4DB064B17EB4E260019C5DB /* tipCalc-Info.plist */,
				D4DB064C17EB4E260019C5DB /* InfoPlist.strings */,
				D4DB064F17EB4E260019C5DB /* main.m */,
				D4DB065117EB4E260019C5DB /* tipCalc-Prefix.pch */,
				D4DB065517EB4E260019C5DB /* Default.png */,
				D4DB065717EB4E260019C5DB /* Default@2x.png */,
				D4DB065917EB4E260019C5DB /* Default-568h@2x.png */,
			);
			name = "Supporting Files";
			sourceTree = "<group>";
		};
/* End PBXGroup section */

/* Begin PBXNativeTarget section */
		D4DB063F17EB4E260019C5DB /* tipCalc */ = {
			isa = PBXNativeTarget;
			buildConfigurationList = D4DB066317EB4E260019C5DB /* Build configuration list for PBXNativeTarget "tipCalc" */;
			buildPhases = (
				D4DB063C17EB4E260019C5DB /* Sources */,
				D4DB063D17EB4E260019C5DB /* Frameworks */,
				D4DB063E17EB4E260019C5DB /* Resources */,
			);
			buildRules = (
			);
			dependencies = (
			);
			name = tipCalc;
			productName = tipCalc;
			productReference = D4DB064017EB4E260019C5DB /* tipCalc.app */;
			productType = "com.apple.product-type.application";
		};
/* End PBXNativeTarget section */

/* Begin PBXProject section */
		D4DB063817EB4E260019C5DB /* Project object */ = {
			isa = PBXProject;
			attributes = {
				CLASSPREFIX = MAD;
				LastUpgradeCheck = 0460;
				ORGANIZATIONNAME = "Rob Denton";
			};
			buildConfigurationList = D4DB063B17EB4E260019C5DB /* Build configuration list for PBXProject "tipCalc" */;
			compatibilityVersion = "Xcode 3.2";
			developmentRegion = English;
			hasScannedForEncodings = 0;
			knownRegions = (
				en,
			);
			mainGroup = D4DB063717EB4E260019C5DB;
			productRefGroup = D4DB064117EB4E260019C5DB /* Products */;
			projectDirPath = "";
			projectRoot = "";
			targets = (
				D4DB063F17EB4E260019C5DB /* tipCalc */,
			);
		};
/* End PBXProject section */

/* Begin PBXResourcesBuildPhase section */
		D4DB063E17EB4E260019C5DB /* Resources */ = {
			isa = PBXResourcesBuildPhase;
			buildActionMask = 2147483647;
			files = (
				D4DB064E17EB4E260019C5DB /* InfoPlist.strings in Resources */,
				D4DB065617EB4E260019C5DB /* Default.png in Resources */,
				D4DB065817EB4E260019C5DB /* Default@2x.png in Resources */,
				D4DB065A17EB4E260019C5DB /* Default-568h@2x.png in Resources */,
				D4DB066017EB4E260019C5DB /* MADViewController.xib in Resources */,
				D4DB066717EB608A0019C5DB /* tipCalcImage@2x.png in Resources */,
				D4DB066917EB608E0019C5DB /* tipCalcImage.png in Resources */,
			);
			runOnlyForDeploymentPostprocessing = 0;
		};
/* End PBXResourcesBuildPhase section */

/* Begin PBXSourcesBuildPhase section */
		D4DB063C17EB4E260019C5DB /* Sources */ = {
			isa = PBXSourcesBuildPhase;
			buildActionMask = 2147483647;
			files = (
				D4DB065017EB4E260019C5DB /* main.m in Sources */,
				D4DB065417EB4E260019C5DB /* MADAppDelegate.m in Sources */,
				D4DB065D17EB4E260019C5DB /* MADViewController.m in Sources */,
			);
			runOnlyForDeploymentPostprocessing = 0;
		};
/* End PBXSourcesBuildPhase section */

/* Begin PBXVariantGroup section */
		D4DB064C17EB4E260019C5DB /* InfoPlist.strings */ = {
			isa = PBXVariantGroup;
			children = (
				D4DB064D17EB4E260019C5DB /* en */,
			);
			name = InfoPlist.strings;
			sourceTree = "<group>";
		};
		D4DB065E17EB4E260019C5DB /* MADViewController.xib */ = {
			isa = PBXVariantGroup;
			children = (
				D4DB065F17EB4E260019C5DB /* en */,
			);
			name = MADViewController.xib;
			sourceTree = "<group>";
		};
/* End PBXVariantGroup section */

/* Begin XCBuildConfiguration section */
		D4DB066117EB4E260019C5DB /* Debug */ = {
			isa = XCBuildConfiguration;
			buildSettings = {
				ALWAYS_SEARCH_USER_PATHS = NO;
				CLANG_CXX_LANGUAGE_STANDARD = "gnu++0x";
				CLANG_CXX_LIBRARY = "libc++";
				CLANG_ENABLE_OBJC_ARC = YES;
				CLANG_WARN_CONSTANT_CONVERSION = YES;
				CLANG_WARN_EMPTY_BODY = YES;
				CLANG_WARN_ENUM_CONVERSION = YES;
				CLANG_WARN_INT_CONVERSION = YES;
				CLANG_WARN__DUPLICATE_METHOD_MATCH = YES;
				"CODE_SIGN_IDENTITY[sdk=iphoneos*]" = "iPhone Developer";
				COPY_PHASE_STRIP = NO;
				GCC_C_LANGUAGE_STANDARD = gnu99;
				GCC_DYNAMIC_NO_PIC = NO;
				GCC_OPTIMIZATION_LEVEL = 0;
				GCC_PREPROCESSOR_DEFINITIONS = (
					"DEBUG=1",
					"$(inherited)",
				);
				GCC_SYMBOLS_PRIVATE_EXTERN = NO;
				GCC_WARN_ABOUT_RETURN_TYPE = YES;
				GCC_WARN_UNINITIALIZED_AUTOS = YES;
				GCC_WARN_UNUSED_VARIABLE = YES;
				IPHONEOS_DEPLOYMENT_TARGET = 6.1;
				ONLY_ACTIVE_ARCH = YES;
				SDKROOT = iphoneos;
			};
			name = Debug;
		};
		D4DB066217EB4E260019C5DB /* Release */ = {
			isa = XCBuildConfiguration;
			buildSettings = {
				ALWAYS_SEARCH_USER_PATHS = NO;
				CLANG_CXX_LANGUAGE_STANDARD = "gnu++0x";
				CLANG_CXX_LIBRARY = "libc++";
				CLANG_ENABLE_OBJC_ARC = YES;
				CLANG_WARN_CONSTANT_CONVERSION = YES;
				CLANG_WARN_EMPTY_BODY = YES;
				CLANG_WARN_ENUM_CONVERSION = YES;
				CLANG_WARN_INT_CONVERSION = YES;
				CLANG_WARN__DUPLICATE_METHOD_MATCH = YES;
				"CODE_SIGN_IDENTITY[sdk=iphoneos*]" = "iPhone Developer";
				COPY_PHASE_STRIP = YES;
				GCC_C_LANGUAGE_STANDARD = gnu99;
				GCC_WARN_ABOUT_RETURN_TYPE = YES;
				GCC_WARN_UNINITIALIZED_AUTOS = YES;
				GCC_WARN_UNUSED_VARIABLE = YES;
				IPHONEOS_DEPLOYMENT_TARGET = 6.1;
				OTHER_CFLAGS = "-DNS_BLOCK_ASSERTIONS=1";
				SDKROOT = iphoneos;
				VALIDATE_PRODUCT = YES;
			};
			name = Release;
		};
		D4DB066417EB4E260019C5DB /* Debug */ = {
			isa = XCBuildConfiguration;
			buildSettings = {
				GCC_PRECOMPILE_PREFIX_HEADER = YES;
				GCC_PREFIX_HEADER = "tipCalc/tipCalc-Prefix.pch";
				INFOPLIST_FILE = "tipCalc/tipCalc-Info.plist";
				PRODUCT_NAME = "$(TARGET_NAME)";
				WRAPPER_EXTENSION = app;
			};
			name = Debug;
		};
		D4DB066517EB4E260019C5DB /* Release */ = {
			isa = XCBuildConfiguration;
			buildSettings = {
				GCC_PRECOMPILE_PREFIX_HEADER = YES;
				GCC_PREFIX_HEADER = "tipCalc/tipCalc-Prefix.pch";
				INFOPLIST_FILE = "tipCalc/tipCalc-Info.plist";
				PRODUCT_NAME = "$(TARGET_NAME)";
				WRAPPER_EXTENSION = app;
			};
			name = Release;
		};
/* End XCBuildConfiguration section */

/* Begin XCConfigurationList section */
		D4DB063B17EB4E260019C5DB /* Build configuration list for PBXProject "tipCalc" */ = {
			isa = XCConfigurationList;
			buildConfigurations = (
				D4DB066117EB4E260019C5DB /* Debug */,
				D4DB066217EB4E260019C5DB /* Release */,
			);
			defaultConfigurationIsVisible = 0;
			defaultConfigurationName = Release;
		};
		D4DB066317EB4E260019C5DB /* Build configuration list for PBXNativeTarget "tipCalc" */ = {
			isa = XCConfigurationList;
			buildConfigurations = (
				D4DB066417EB4E260019C5DB /* Debug */,
				D4DB066517EB4E260019C5DB /* Release */,
			);
			defaultConfigurationIsVisible = 0;
		};
/* End XCConfigurationList section */
	};
	rootObject = D4DB063817EB4E260019C5DB /* Project object */;
}
