// !$*UTF8*$!
{
	archiveVersion = 1;
	classes = {
	};
	objectVersion = 46;
	objects = {

/* Begin PBXBuildFile section */
		7567E3871805A78800B40AC5 /* UIKit.framework in Frameworks */ = {isa = PBXBuildFile; fileRef = 7567E3861805A78800B40AC5 /* UIKit.framework */; };
		7567E3891805A78800B40AC5 /* Foundation.framework in Frameworks */ = {isa = PBXBuildFile; fileRef = 7567E3881805A78800B40AC5 /* Foundation.framework */; };
		7567E38B1805A78800B40AC5 /* CoreGraphics.framework in Frameworks */ = {isa = PBXBuildFile; fileRef = 7567E38A1805A78800B40AC5 /* CoreGraphics.framework */; };
		7567E3911805A78800B40AC5 /* InfoPlist.strings in Resources */ = {isa = PBXBuildFile; fileRef = 7567E38F1805A78800B40AC5 /* InfoPlist.strings */; };
		7567E3931805A78800B40AC5 /* main.m in Sources */ = {isa = PBXBuildFile; fileRef = 7567E3921805A78800B40AC5 /* main.m */; };
		7567E3971805A78800B40AC5 /* MADAppDelegate.m in Sources */ = {isa = PBXBuildFile; fileRef = 7567E3961805A78800B40AC5 /* MADAppDelegate.m */; };
		7567E3991805A78800B40AC5 /* Default.png in Resources */ = {isa = PBXBuildFile; fileRef = 7567E3981805A78800B40AC5 /* Default.png */; };
		7567E39B1805A78800B40AC5 /* Default@2x.png in Resources */ = {isa = PBXBuildFile; fileRef = 7567E39A1805A78800B40AC5 /* Default@2x.png */; };
		7567E39D1805A78800B40AC5 /* Default-568h@2x.png in Resources */ = {isa = PBXBuildFile; fileRef = 7567E39C1805A78800B40AC5 /* Default-568h@2x.png */; };
		7567E3A01805A78800B40AC5 /* MainStoryboard.storyboard in Resources */ = {isa = PBXBuildFile; fileRef = 7567E39E1805A78800B40AC5 /* MainStoryboard.storyboard */; };
		7567E3A31805A78800B40AC5 /* MADViewController.m in Sources */ = {isa = PBXBuildFile; fileRef = 7567E3A21805A78800B40AC5 /* MADViewController.m */; };
		7567E3B11805B6D600B40AC5 /* Scene2ViewController.m in Sources */ = {isa = PBXBuildFile; fileRef = 7567E3B01805B6D600B40AC5 /* Scene2ViewController.m */; };
		7567E3B41805C0B900B40AC5 /* Favorite.m in Sources */ = {isa = PBXBuildFile; fileRef = 7567E3B31805C0B900B40AC5 /* Favorite.m */; };
/* End PBXBuildFile section */

/* Begin PBXFileReference section */
		7567E3831805A78800B40AC5 /* favorites.app */ = {isa = PBXFileReference; explicitFileType = wrapper.application; includeInIndex = 0; path = favorites.app; sourceTree = BUILT_PRODUCTS_DIR; };
		7567E3861805A78800B40AC5 /* UIKit.framework */ = {isa = PBXFileReference; lastKnownFileType = wrapper.framework; name = UIKit.framework; path = System/Library/Frameworks/UIKit.framework; sourceTree = SDKROOT; };
		7567E3881805A78800B40AC5 /* Foundation.framework */ = {isa = PBXFileReference; lastKnownFileType = wrapper.framework; name = Foundation.framework; path = System/Library/Frameworks/Foundation.framework; sourceTree = SDKROOT; };
		7567E38A1805A78800B40AC5 /* CoreGraphics.framework */ = {isa = PBXFileReference; lastKnownFileType = wrapper.framework; name = CoreGraphics.framework; path = System/Library/Frameworks/CoreGraphics.framework; sourceTree = SDKROOT; };
		7567E38E1805A78800B40AC5 /* favorites-Info.plist */ = {isa = PBXFileReference; lastKnownFileType = text.plist.xml; path = "favorites-Info.plist"; sourceTree = "<group>"; };
		7567E3901805A78800B40AC5 /* en */ = {isa = PBXFileReference; lastKnownFileType = text.plist.strings; name = en; path = en.lproj/InfoPlist.strings; sourceTree = "<group>"; };
		7567E3921805A78800B40AC5 /* main.m */ = {isa = PBXFileReference; lastKnownFileType = sourcecode.c.objc; path = main.m; sourceTree = "<group>"; };
		7567E3941805A78800B40AC5 /* favorites-Prefix.pch */ = {isa = PBXFileReference; lastKnownFileType = sourcecode.c.h; path = "favorites-Prefix.pch"; sourceTree = "<group>"; };
		7567E3951805A78800B40AC5 /* MADAppDelegate.h */ = {isa = PBXFileReference; lastKnownFileType = sourcecode.c.h; path = MADAppDelegate.h; sourceTree = "<group>"; };
		7567E3961805A78800B40AC5 /* MADAppDelegate.m */ = {isa = PBXFileReference; lastKnownFileType = sourcecode.c.objc; path = MADAppDelegate.m; sourceTree = "<group>"; };
		7567E3981805A78800B40AC5 /* Default.png */ = {isa = PBXFileReference; lastKnownFileType = image.png; path = Default.png; sourceTree = "<group>"; };
		7567E39A1805A78800B40AC5 /* Default@2x.png */ = {isa = PBXFileReference; lastKnownFileType = image.png; path = "Default@2x.png"; sourceTree = "<group>"; };
		7567E39C1805A78800B40AC5 /* Default-568h@2x.png */ = {isa = PBXFileReference; lastKnownFileType = image.png; path = "Default-568h@2x.png"; sourceTree = "<group>"; };
		7567E39F1805A78800B40AC5 /* en */ = {isa = PBXFileReference; lastKnownFileType = file.storyboard; name = en; path = en.lproj/MainStoryboard.storyboard; sourceTree = "<group>"; };
		7567E3A11805A78800B40AC5 /* MADViewController.h */ = {isa = PBXFileReference; lastKnownFileType = sourcecode.c.h; path = MADViewController.h; sourceTree = "<group>"; };
		7567E3A21805A78800B40AC5 /* MADViewController.m */ = {isa = PBXFileReference; lastKnownFileType = sourcecode.c.objc; path = MADViewController.m; sourceTree = "<group>"; };
		7567E3AF1805B6D600B40AC5 /* Scene2ViewController.h */ = {isa = PBXFileReference; fileEncoding = 4; lastKnownFileType = sourcecode.c.h; path = Scene2ViewController.h; sourceTree = "<group>"; };
		7567E3B01805B6D600B40AC5 /* Scene2ViewController.m */ = {isa = PBXFileReference; fileEncoding = 4; lastKnownFileType = sourcecode.c.objc; path = Scene2ViewController.m; sourceTree = "<group>"; };
		7567E3B21805C0B900B40AC5 /* Favorite.h */ = {isa = PBXFileReference; fileEncoding = 4; lastKnownFileType = sourcecode.c.h; path = Favorite.h; sourceTree = "<group>"; };
		7567E3B31805C0B900B40AC5 /* Favorite.m */ = {isa = PBXFileReference; fileEncoding = 4; lastKnownFileType = sourcecode.c.objc; path = Favorite.m; sourceTree = "<group>"; };
/* End PBXFileReference section */

/* Begin PBXFrameworksBuildPhase section */
		7567E3801805A78800B40AC5 /* Frameworks */ = {
			isa = PBXFrameworksBuildPhase;
			buildActionMask = 2147483647;
			files = (
				7567E3871805A78800B40AC5 /* UIKit.framework in Frameworks */,
				7567E3891805A78800B40AC5 /* Foundation.framework in Frameworks */,
				7567E38B1805A78800B40AC5 /* CoreGraphics.framework in Frameworks */,
			);
			runOnlyForDeploymentPostprocessing = 0;
		};
/* End PBXFrameworksBuildPhase section */

/* Begin PBXGroup section */
		7567E37A1805A78800B40AC5 = {
			isa = PBXGroup;
			children = (
				7567E38C1805A78800B40AC5 /* favorites */,
				7567E3851805A78800B40AC5 /* Frameworks */,
				7567E3841805A78800B40AC5 /* Products */,
			);
			sourceTree = "<group>";
		};
		7567E3841805A78800B40AC5 /* Products */ = {
			isa = PBXGroup;
			children = (
				7567E3831805A78800B40AC5 /* favorites.app */,
			);
			name = Products;
			sourceTree = "<group>";
		};
		7567E3851805A78800B40AC5 /* Frameworks */ = {
			isa = PBXGroup;
			children = (
				7567E3861805A78800B40AC5 /* UIKit.framework */,
				7567E3881805A78800B40AC5 /* Foundation.framework */,
				7567E38A1805A78800B40AC5 /* CoreGraphics.framework */,
			);
			name = Frameworks;
			sourceTree = "<group>";
		};
		7567E38C1805A78800B40AC5 /* favorites */ = {
			isa = PBXGroup;
			children = (
				7567E3951805A78800B40AC5 /* MADAppDelegate.h */,
				7567E3961805A78800B40AC5 /* MADAppDelegate.m */,
				7567E39E1805A78800B40AC5 /* MainStoryboard.storyboard */,
				7567E3B21805C0B900B40AC5 /* Favorite.h */,
				7567E3B31805C0B900B40AC5 /* Favorite.m */,
				7567E3A11805A78800B40AC5 /* MADViewController.h */,
				7567E3A21805A78800B40AC5 /* MADViewController.m */,
				7567E3AF1805B6D600B40AC5 /* Scene2ViewController.h */,
				7567E3B01805B6D600B40AC5 /* Scene2ViewController.m */,
				7567E38D1805A78800B40AC5 /* Supporting Files */,
			);
			path = favorites;
			sourceTree = "<group>";
		};
		7567E38D1805A78800B40AC5 /* Supporting Files */ = {
			isa = PBXGroup;
			children = (
				7567E38E1805A78800B40AC5 /* favorites-Info.plist */,
				7567E38F1805A78800B40AC5 /* InfoPlist.strings */,
				7567E3921805A78800B40AC5 /* main.m */,
				7567E3941805A78800B40AC5 /* favorites-Prefix.pch */,
				7567E3981805A78800B40AC5 /* Default.png */,
				7567E39A1805A78800B40AC5 /* Default@2x.png */,
				7567E39C1805A78800B40AC5 /* Default-568h@2x.png */,
			);
			name = "Supporting Files";
			sourceTree = "<group>";
		};
/* End PBXGroup section */

/* Begin PBXNativeTarget section */
		7567E3821805A78800B40AC5 /* favorites */ = {
			isa = PBXNativeTarget;
			buildConfigurationList = 7567E3A61805A78800B40AC5 /* Build configuration list for PBXNativeTarget "favorites" */;
			buildPhases = (
				7567E37F1805A78800B40AC5 /* Sources */,
				7567E3801805A78800B40AC5 /* Frameworks */,
				7567E3811805A78800B40AC5 /* Resources */,
			);
			buildRules = (
			);
			dependencies = (
			);
			name = favorites;
			productName = favorites;
			productReference = 7567E3831805A78800B40AC5 /* favorites.app */;
			productType = "com.apple.product-type.application";
		};
/* End PBXNativeTarget section */

/* Begin PBXProject section */
		7567E37B1805A78800B40AC5 /* Project object */ = {
			isa = PBXProject;
			attributes = {
				CLASSPREFIX = MAD;
				LastUpgradeCheck = 0460;
				ORGANIZATIONNAME = "Aileen Pierce";
			};
			buildConfigurationList = 7567E37E1805A78800B40AC5 /* Build configuration list for PBXProject "favorites" */;
			compatibilityVersion = "Xcode 3.2";
			developmentRegion = English;
			hasScannedForEncodings = 0;
			knownRegions = (
				en,
			);
			mainGroup = 7567E37A1805A78800B40AC5;
			productRefGroup = 7567E3841805A78800B40AC5 /* Products */;
			projectDirPath = "";
			projectRoot = "";
			targets = (
				7567E3821805A78800B40AC5 /* favorites */,
			);
		};
/* End PBXProject section */

/* Begin PBXResourcesBuildPhase section */
		7567E3811805A78800B40AC5 /* Resources */ = {
			isa = PBXResourcesBuildPhase;
			buildActionMask = 2147483647;
			files = (
				7567E3911805A78800B40AC5 /* InfoPlist.strings in Resources */,
				7567E3991805A78800B40AC5 /* Default.png in Resources */,
				7567E39B1805A78800B40AC5 /* Default@2x.png in Resources */,
				7567E39D1805A78800B40AC5 /* Default-568h@2x.png in Resources */,
				7567E3A01805A78800B40AC5 /* MainStoryboard.storyboard in Resources */,
			);
			runOnlyForDeploymentPostprocessing = 0;
		};
/* End PBXResourcesBuildPhase section */

/* Begin PBXSourcesBuildPhase section */
		7567E37F1805A78800B40AC5 /* Sources */ = {
			isa = PBXSourcesBuildPhase;
			buildActionMask = 2147483647;
			files = (
				7567E3931805A78800B40AC5 /* main.m in Sources */,
				7567E3971805A78800B40AC5 /* MADAppDelegate.m in Sources */,
				7567E3A31805A78800B40AC5 /* MADViewController.m in Sources */,
				7567E3B11805B6D600B40AC5 /* Scene2ViewController.m in Sources */,
				7567E3B41805C0B900B40AC5 /* Favorite.m in Sources */,
			);
			runOnlyForDeploymentPostprocessing = 0;
		};
/* End PBXSourcesBuildPhase section */

/* Begin PBXVariantGroup section */
		7567E38F1805A78800B40AC5 /* InfoPlist.strings */ = {
			isa = PBXVariantGroup;
			children = (
				7567E3901805A78800B40AC5 /* en */,
			);
			name = InfoPlist.strings;
			sourceTree = "<group>";
		};
		7567E39E1805A78800B40AC5 /* MainStoryboard.storyboard */ = {
			isa = PBXVariantGroup;
			children = (
				7567E39F1805A78800B40AC5 /* en */,
			);
			name = MainStoryboard.storyboard;
			sourceTree = "<group>";
		};
/* End PBXVariantGroup section */

/* Begin XCBuildConfiguration section */
		7567E3A41805A78800B40AC5 /* Debug */ = {
			isa = XCBuildConfiguration;
			buildSettings = {
				ALWAYS_SEARCH_USER_PATHS = NO;
				CLANG_CXX_LANGUAGE_STANDARD = "gnu++0x";
				CLANG_CXX_LIBRARY = "libc++";
				CLANG_ENABLE_OBJC_ARC = YES;
				CLANG_WARN_CONSTANT_CONVERSION = YES;
				CLANG_WARN_EMPTY_BODY = YES;
				CLANG_WARN_ENUM_CONVERSION = YES;
				CLANG_WARN_INT_CONVERSION = YES;
				CLANG_WARN__DUPLICATE_METHOD_MATCH = YES;
				"CODE_SIGN_IDENTITY[sdk=iphoneos*]" = "iPhone Developer";
				COPY_PHASE_STRIP = NO;
				GCC_C_LANGUAGE_STANDARD = gnu99;
				GCC_DYNAMIC_NO_PIC = NO;
				GCC_OPTIMIZATION_LEVEL = 0;
				GCC_PREPROCESSOR_DEFINITIONS = (
					"DEBUG=1",
					"$(inherited)",
				);
				GCC_SYMBOLS_PRIVATE_EXTERN = NO;
				GCC_WARN_ABOUT_RETURN_TYPE = YES;
				GCC_WARN_UNINITIALIZED_AUTOS = YES;
				GCC_WARN_UNUSED_VARIABLE = YES;
				IPHONEOS_DEPLOYMENT_TARGET = 6.1;
				ONLY_ACTIVE_ARCH = YES;
				SDKROOT = iphoneos;
			};
			name = Debug;
		};
		7567E3A51805A78800B40AC5 /* Release */ = {
			isa = XCBuildConfiguration;
			buildSettings = {
				ALWAYS_SEARCH_USER_PATHS = NO;
				CLANG_CXX_LANGUAGE_STANDARD = "gnu++0x";
				CLANG_CXX_LIBRARY = "libc++";
				CLANG_ENABLE_OBJC_ARC = YES;
				CLANG_WARN_CONSTANT_CONVERSION = YES;
				CLANG_WARN_EMPTY_BODY = YES;
				CLANG_WARN_ENUM_CONVERSION = YES;
				CLANG_WARN_INT_CONVERSION = YES;
				CLANG_WARN__DUPLICATE_METHOD_MATCH = YES;
				"CODE_SIGN_IDENTITY[sdk=iphoneos*]" = "iPhone Developer";
				COPY_PHASE_STRIP = YES;
				GCC_C_LANGUAGE_STANDARD = gnu99;
				GCC_WARN_ABOUT_RETURN_TYPE = YES;
				GCC_WARN_UNINITIALIZED_AUTOS = YES;
				GCC_WARN_UNUSED_VARIABLE = YES;
				IPHONEOS_DEPLOYMENT_TARGET = 6.1;
				OTHER_CFLAGS = "-DNS_BLOCK_ASSERTIONS=1";
				SDKROOT = iphoneos;
				VALIDATE_PRODUCT = YES;
			};
			name = Release;
		};
		7567E3A71805A78800B40AC5 /* Debug */ = {
			isa = XCBuildConfiguration;
			buildSettings = {
				GCC_PRECOMPILE_PREFIX_HEADER = YES;
				GCC_PREFIX_HEADER = "favorites/favorites-Prefix.pch";
				INFOPLIST_FILE = "favorites/favorites-Info.plist";
				PRODUCT_NAME = "$(TARGET_NAME)";
				WRAPPER_EXTENSION = app;
			};
			name = Debug;
		};
		7567E3A81805A78800B40AC5 /* Release */ = {
			isa = XCBuildConfiguration;
			buildSettings = {
				GCC_PRECOMPILE_PREFIX_HEADER = YES;
				GCC_PREFIX_HEADER = "favorites/favorites-Prefix.pch";
				INFOPLIST_FILE = "favorites/favorites-Info.plist";
				PRODUCT_NAME = "$(TARGET_NAME)";
				WRAPPER_EXTENSION = app;
			};
			name = Release;
		};
/* End XCBuildConfiguration section */

/* Begin XCConfigurationList section */
		7567E37E1805A78800B40AC5 /* Build configuration list for PBXProject "favorites" */ = {
			isa = XCConfigurationList;
			buildConfigurations = (
				7567E3A41805A78800B40AC5 /* Debug */,
				7567E3A51805A78800B40AC5 /* Release */,
			);
			defaultConfigurationIsVisible = 0;
			defaultConfigurationName = Release;
		};
		7567E3A61805A78800B40AC5 /* Build configuration list for PBXNativeTarget "favorites" */ = {
			isa = XCConfigurationList;
			buildConfigurations = (
				7567E3A71805A78800B40AC5 /* Debug */,
				7567E3A81805A78800B40AC5 /* Release */,
			);
			defaultConfigurationIsVisible = 0;
			defaultConfigurationName = Release;
		};
/* End XCConfigurationList section */
	};
	rootObject = 7567E37B1805A78800B40AC5 /* Project object */;
}
