// !$*UTF8*$!
{
	archiveVersion = 1;
	classes = {
	};
	objectVersion = 46;
	objects = {

/* Begin PBXBuildFile section */
		D46DACE81810618800D85090 /* UIKit.framework in Frameworks */ = {isa = PBXBuildFile; fileRef = D46DACE71810618800D85090 /* UIKit.framework */; };
		D46DACEA1810618800D85090 /* Foundation.framework in Frameworks */ = {isa = PBXBuildFile; fileRef = D46DACE91810618800D85090 /* Foundation.framework */; };
		D46DACEC1810618800D85090 /* CoreGraphics.framework in Frameworks */ = {isa = PBXBuildFile; fileRef = D46DACEB1810618800D85090 /* CoreGraphics.framework */; };
		D46DACF21810618800D85090 /* InfoPlist.strings in Resources */ = {isa = PBXBuildFile; fileRef = D46DACF01810618800D85090 /* InfoPlist.strings */; };
		D46DACF41810618800D85090 /* main.m in Sources */ = {isa = PBXBuildFile; fileRef = D46DACF31810618800D85090 /* main.m */; };
		D46DACF81810618800D85090 /* MADAppDelegate.m in Sources */ = {isa = PBXBuildFile; fileRef = D46DACF71810618800D85090 /* MADAppDelegate.m */; };
		D46DACFA1810618800D85090 /* Default.png in Resources */ = {isa = PBXBuildFile; fileRef = D46DACF91810618800D85090 /* Default.png */; };
		D46DACFC1810618800D85090 /* Default@2x.png in Resources */ = {isa = PBXBuildFile; fileRef = D46DACFB1810618800D85090 /* Default@2x.png */; };
		D46DACFE1810618800D85090 /* Default-568h@2x.png in Resources */ = {isa = PBXBuildFile; fileRef = D46DACFD1810618800D85090 /* Default-568h@2x.png */; };
		D46DAD011810618800D85090 /* MainStoryboard.storyboard in Resources */ = {isa = PBXBuildFile; fileRef = D46DACFF1810618800D85090 /* MainStoryboard.storyboard */; };
		D46DAD041810618800D85090 /* MADFirstViewController.m in Sources */ = {isa = PBXBuildFile; fileRef = D46DAD031810618800D85090 /* MADFirstViewController.m */; };
		D46DAD061810618800D85090 /* first.png in Resources */ = {isa = PBXBuildFile; fileRef = D46DAD051810618800D85090 /* first.png */; };
		D46DAD081810618800D85090 /* first@2x.png in Resources */ = {isa = PBXBuildFile; fileRef = D46DAD071810618800D85090 /* first@2x.png */; };
		D46DAD0B1810618800D85090 /* MADSecondViewController.m in Sources */ = {isa = PBXBuildFile; fileRef = D46DAD0A1810618800D85090 /* MADSecondViewController.m */; };
		D46DAD0D1810618800D85090 /* second.png in Resources */ = {isa = PBXBuildFile; fileRef = D46DAD0C1810618800D85090 /* second.png */; };
		D46DAD0F1810618800D85090 /* second@2x.png in Resources */ = {isa = PBXBuildFile; fileRef = D46DAD0E1810618800D85090 /* second@2x.png */; };
		D46DAD161810621200D85090 /* boulderflatirons.png in Resources */ = {isa = PBXBuildFile; fileRef = D46DAD151810621200D85090 /* boulderflatirons.png */; };
		D4F4D817181A2627005611AE /* WebViewController.m in Sources */ = {isa = PBXBuildFile; fileRef = D4F4D816181A2627005611AE /* WebViewController.m */; };
		D4F4D819181A2997005611AE /* 28-star.png in Resources */ = {isa = PBXBuildFile; fileRef = D4F4D818181A2997005611AE /* 28-star.png */; };
		D4F4D81C181A299E005611AE /* 07-map-marker.png in Resources */ = {isa = PBXBuildFile; fileRef = D4F4D81A181A299E005611AE /* 07-map-marker.png */; };
		D4F4D81D181A299E005611AE /* 18-envelope.png in Resources */ = {isa = PBXBuildFile; fileRef = D4F4D81B181A299E005611AE /* 18-envelope.png */; };
		D4F4D81F181A2C7B005611AE /* tabbar.png in Resources */ = {isa = PBXBuildFile; fileRef = D4F4D81E181A2C7B005611AE /* tabbar.png */; };
		D4F4D821181A2C7D005611AE /* tabbar@2x.png in Resources */ = {isa = PBXBuildFile; fileRef = D4F4D820181A2C7D005611AE /* tabbar@2x.png */; };
/* End PBXBuildFile section */

/* Begin PBXFileReference section */
		D46DACE41810618800D85090 /* boulder2.app */ = {isa = PBXFileReference; explicitFileType = wrapper.application; includeInIndex = 0; path = boulder2.app; sourceTree = BUILT_PRODUCTS_DIR; };
		D46DACE71810618800D85090 /* UIKit.framework */ = {isa = PBXFileReference; lastKnownFileType = wrapper.framework; name = UIKit.framework; path = System/Library/Frameworks/UIKit.framework; sourceTree = SDKROOT; };
		D46DACE91810618800D85090 /* Foundation.framework */ = {isa = PBXFileReference; lastKnownFileType = wrapper.framework; name = Foundation.framework; path = System/Library/Frameworks/Foundation.framework; sourceTree = SDKROOT; };
		D46DACEB1810618800D85090 /* CoreGraphics.framework */ = {isa = PBXFileReference; lastKnownFileType = wrapper.framework; name = CoreGraphics.framework; path = System/Library/Frameworks/CoreGraphics.framework; sourceTree = SDKROOT; };
		D46DACEF1810618800D85090 /* boulder2-Info.plist */ = {isa = PBXFileReference; lastKnownFileType = text.plist.xml; path = "boulder2-Info.plist"; sourceTree = "<group>"; };
		D46DACF11810618800D85090 /* en */ = {isa = PBXFileReference; lastKnownFileType = text.plist.strings; name = en; path = en.lproj/InfoPlist.strings; sourceTree = "<group>"; };
		D46DACF31810618800D85090 /* main.m */ = {isa = PBXFileReference; lastKnownFileType = sourcecode.c.objc; path = main.m; sourceTree = "<group>"; };
		D46DACF51810618800D85090 /* boulder2-Prefix.pch */ = {isa = PBXFileReference; lastKnownFileType = sourcecode.c.h; path = "boulder2-Prefix.pch"; sourceTree = "<group>"; };
		D46DACF61810618800D85090 /* MADAppDelegate.h */ = {isa = PBXFileReference; lastKnownFileType = sourcecode.c.h; path = MADAppDelegate.h; sourceTree = "<group>"; };
		D46DACF71810618800D85090 /* MADAppDelegate.m */ = {isa = PBXFileReference; lastKnownFileType = sourcecode.c.objc; path = MADAppDelegate.m; sourceTree = "<group>"; };
		D46DACF91810618800D85090 /* Default.png */ = {isa = PBXFileReference; lastKnownFileType = image.png; path = Default.png; sourceTree = "<group>"; };
		D46DACFB1810618800D85090 /* Default@2x.png */ = {isa = PBXFileReference; lastKnownFileType = image.png; path = "Default@2x.png"; sourceTree = "<group>"; };
		D46DACFD1810618800D85090 /* Default-568h@2x.png */ = {isa = PBXFileReference; lastKnownFileType = image.png; path = "Default-568h@2x.png"; sourceTree = "<group>"; };
		D46DAD001810618800D85090 /* en */ = {isa = PBXFileReference; lastKnownFileType = file.storyboard; name = en; path = en.lproj/MainStoryboard.storyboard; sourceTree = "<group>"; };
		D46DAD021810618800D85090 /* MADFirstViewController.h */ = {isa = PBXFileReference; lastKnownFileType = sourcecode.c.h; path = MADFirstViewController.h; sourceTree = "<group>"; };
		D46DAD031810618800D85090 /* MADFirstViewController.m */ = {isa = PBXFileReference; lastKnownFileType = sourcecode.c.objc; path = MADFirstViewController.m; sourceTree = "<group>"; };
		D46DAD051810618800D85090 /* first.png */ = {isa = PBXFileReference; lastKnownFileType = image.png; path = first.png; sourceTree = "<group>"; };
		D46DAD071810618800D85090 /* first@2x.png */ = {isa = PBXFileReference; lastKnownFileType = image.png; path = "first@2x.png"; sourceTree = "<group>"; };
		D46DAD091810618800D85090 /* MADSecondViewController.h */ = {isa = PBXFileReference; lastKnownFileType = sourcecode.c.h; path = MADSecondViewController.h; sourceTree = "<group>"; };
		D46DAD0A1810618800D85090 /* MADSecondViewController.m */ = {isa = PBXFileReference; lastKnownFileType = sourcecode.c.objc; path = MADSecondViewController.m; sourceTree = "<group>"; };
		D46DAD0C1810618800D85090 /* second.png */ = {isa = PBXFileReference; lastKnownFileType = image.png; path = second.png; sourceTree = "<group>"; };
		D46DAD0E1810618800D85090 /* second@2x.png */ = {isa = PBXFileReference; lastKnownFileType = image.png; path = "second@2x.png"; sourceTree = "<group>"; };
		D46DAD151810621200D85090 /* boulderflatirons.png */ = {isa = PBXFileReference; lastKnownFileType = image.png; path = boulderflatirons.png; sourceTree = "<group>"; };
		D4F4D815181A2627005611AE /* WebViewController.h */ = {isa = PBXFileReference; fileEncoding = 4; lastKnownFileType = sourcecode.c.h; path = WebViewController.h; sourceTree = "<group>"; };
		D4F4D816181A2627005611AE /* WebViewController.m */ = {isa = PBXFileReference; fileEncoding = 4; lastKnownFileType = sourcecode.c.objc; path = WebViewController.m; sourceTree = "<group>"; };
		D4F4D818181A2997005611AE /* 28-star.png */ = {isa = PBXFileReference; lastKnownFileType = image.png; path = "28-star.png"; sourceTree = "<group>"; };
		D4F4D81A181A299E005611AE /* 07-map-marker.png */ = {isa = PBXFileReference; lastKnownFileType = image.png; path = "07-map-marker.png"; sourceTree = "<group>"; };
		D4F4D81B181A299E005611AE /* 18-envelope.png */ = {isa = PBXFileReference; lastKnownFileType = image.png; path = "18-envelope.png"; sourceTree = "<group>"; };
		D4F4D81E181A2C7B005611AE /* tabbar.png */ = {isa = PBXFileReference; lastKnownFileType = image.png; path = tabbar.png; sourceTree = "<group>"; };
		D4F4D820181A2C7D005611AE /* tabbar@2x.png */ = {isa = PBXFileReference; lastKnownFileType = image.png; path = "tabbar@2x.png"; sourceTree = "<group>"; };
/* End PBXFileReference section */

/* Begin PBXFrameworksBuildPhase section */
		D46DACE11810618800D85090 /* Frameworks */ = {
			isa = PBXFrameworksBuildPhase;
			buildActionMask = 2147483647;
			files = (
				D46DACE81810618800D85090 /* UIKit.framework in Frameworks */,
				D46DACEA1810618800D85090 /* Foundation.framework in Frameworks */,
				D46DACEC1810618800D85090 /* CoreGraphics.framework in Frameworks */,
			);
			runOnlyForDeploymentPostprocessing = 0;
		};
/* End PBXFrameworksBuildPhase section */

/* Begin PBXGroup section */
		D46DACDB1810618800D85090 = {
			isa = PBXGroup;
			children = (
				D4F4D820181A2C7D005611AE /* tabbar@2x.png */,
				D4F4D81E181A2C7B005611AE /* tabbar.png */,
				D46DACED1810618800D85090 /* boulder2 */,
				D46DACE61810618800D85090 /* Frameworks */,
				D46DACE51810618800D85090 /* Products */,
			);
			sourceTree = "<group>";
		};
		D46DACE51810618800D85090 /* Products */ = {
			isa = PBXGroup;
			children = (
				D46DACE41810618800D85090 /* boulder2.app */,
			);
			name = Products;
			sourceTree = "<group>";
		};
		D46DACE61810618800D85090 /* Frameworks */ = {
			isa = PBXGroup;
			children = (
				D46DACE71810618800D85090 /* UIKit.framework */,
				D46DACE91810618800D85090 /* Foundation.framework */,
				D46DACEB1810618800D85090 /* CoreGraphics.framework */,
			);
			name = Frameworks;
			sourceTree = "<group>";
		};
		D46DACED1810618800D85090 /* boulder2 */ = {
			isa = PBXGroup;
			children = (
				D46DACF61810618800D85090 /* MADAppDelegate.h */,
				D46DACF71810618800D85090 /* MADAppDelegate.m */,
				D46DACFF1810618800D85090 /* MainStoryboard.storyboard */,
				D4F4D815181A2627005611AE /* WebViewController.h */,
				D4F4D816181A2627005611AE /* WebViewController.m */,
				D46DAD021810618800D85090 /* MADFirstViewController.h */,
				D46DAD031810618800D85090 /* MADFirstViewController.m */,
				D46DAD051810618800D85090 /* first.png */,
				D46DAD071810618800D85090 /* first@2x.png */,
				D46DAD091810618800D85090 /* MADSecondViewController.h */,
				D46DAD0A1810618800D85090 /* MADSecondViewController.m */,
				D46DAD0C1810618800D85090 /* second.png */,
				D46DAD0E1810618800D85090 /* second@2x.png */,
				D46DACEE1810618800D85090 /* Supporting Files */,
			);
			path = boulder2;
			sourceTree = "<group>";
		};
		D46DACEE1810618800D85090 /* Supporting Files */ = {
			isa = PBXGroup;
			children = (
				D4F4D81A181A299E005611AE /* 07-map-marker.png */,
				D4F4D81B181A299E005611AE /* 18-envelope.png */,
				D4F4D818181A2997005611AE /* 28-star.png */,
				D46DAD151810621200D85090 /* boulderflatirons.png */,
				D46DACEF1810618800D85090 /* boulder2-Info.plist */,
				D46DACF01810618800D85090 /* InfoPlist.strings */,
				D46DACF31810618800D85090 /* main.m */,
				D46DACF51810618800D85090 /* boulder2-Prefix.pch */,
				D46DACF91810618800D85090 /* Default.png */,
				D46DACFB1810618800D85090 /* Default@2x.png */,
				D46DACFD1810618800D85090 /* Default-568h@2x.png */,
			);
			name = "Supporting Files";
			sourceTree = "<group>";
		};
/* End PBXGroup section */

/* Begin PBXNativeTarget section */
		D46DACE31810618800D85090 /* boulder2 */ = {
			isa = PBXNativeTarget;
			buildConfigurationList = D46DAD121810618800D85090 /* Build configuration list for PBXNativeTarget "boulder2" */;
			buildPhases = (
				D46DACE01810618800D85090 /* Sources */,
				D46DACE11810618800D85090 /* Frameworks */,
				D46DACE21810618800D85090 /* Resources */,
			);
			buildRules = (
			);
			dependencies = (
			);
			name = boulder2;
			productName = boulder2;
			productReference = D46DACE41810618800D85090 /* boulder2.app */;
			productType = "com.apple.product-type.application";
		};
/* End PBXNativeTarget section */

/* Begin PBXProject section */
		D46DACDC1810618800D85090 /* Project object */ = {
			isa = PBXProject;
			attributes = {
				CLASSPREFIX = MAD;
				LastUpgradeCheck = 0460;
				ORGANIZATIONNAME = "Rob Denton";
			};
			buildConfigurationList = D46DACDF1810618800D85090 /* Build configuration list for PBXProject "boulder2" */;
			compatibilityVersion = "Xcode 3.2";
			developmentRegion = English;
			hasScannedForEncodings = 0;
			knownRegions = (
				en,
			);
			mainGroup = D46DACDB1810618800D85090;
			productRefGroup = D46DACE51810618800D85090 /* Products */;
			projectDirPath = "";
			projectRoot = "";
			targets = (
				D46DACE31810618800D85090 /* boulder2 */,
			);
		};
/* End PBXProject section */

/* Begin PBXResourcesBuildPhase section */
		D46DACE21810618800D85090 /* Resources */ = {
			isa = PBXResourcesBuildPhase;
			buildActionMask = 2147483647;
			files = (
				D46DACF21810618800D85090 /* InfoPlist.strings in Resources */,
				D46DACFA1810618800D85090 /* Default.png in Resources */,
				D46DACFC1810618800D85090 /* Default@2x.png in Resources */,
				D46DACFE1810618800D85090 /* Default-568h@2x.png in Resources */,
				D46DAD011810618800D85090 /* MainStoryboard.storyboard in Resources */,
				D46DAD061810618800D85090 /* first.png in Resources */,
				D46DAD081810618800D85090 /* first@2x.png in Resources */,
				D46DAD0D1810618800D85090 /* second.png in Resources */,
				D46DAD0F1810618800D85090 /* second@2x.png in Resources */,
				D46DAD161810621200D85090 /* boulderflatirons.png in Resources */,
				D4F4D819181A2997005611AE /* 28-star.png in Resources */,
				D4F4D81C181A299E005611AE /* 07-map-marker.png in Resources */,
				D4F4D81D181A299E005611AE /* 18-envelope.png in Resources */,
				D4F4D81F181A2C7B005611AE /* tabbar.png in Resources */,
				D4F4D821181A2C7D005611AE /* tabbar@2x.png in Resources */,
			);
			runOnlyForDeploymentPostprocessing = 0;
		};
/* End PBXResourcesBuildPhase section */

/* Begin PBXSourcesBuildPhase section */
		D46DACE01810618800D85090 /* Sources */ = {
			isa = PBXSourcesBuildPhase;
			buildActionMask = 2147483647;
			files = (
				D46DACF41810618800D85090 /* main.m in Sources */,
				D46DACF81810618800D85090 /* MADAppDelegate.m in Sources */,
				D46DAD041810618800D85090 /* MADFirstViewController.m in Sources */,
				D46DAD0B1810618800D85090 /* MADSecondViewController.m in Sources */,
				D4F4D817181A2627005611AE /* WebViewController.m in Sources */,
			);
			runOnlyForDeploymentPostprocessing = 0;
		};
/* End PBXSourcesBuildPhase section */

/* Begin PBXVariantGroup section */
		D46DACF01810618800D85090 /* InfoPlist.strings */ = {
			isa = PBXVariantGroup;
			children = (
				D46DACF11810618800D85090 /* en */,
			);
			name = InfoPlist.strings;
			sourceTree = "<group>";
		};
		D46DACFF1810618800D85090 /* MainStoryboard.storyboard */ = {
			isa = PBXVariantGroup;
			children = (
				D46DAD001810618800D85090 /* en */,
			);
			name = MainStoryboard.storyboard;
			sourceTree = "<group>";
		};
/* End PBXVariantGroup section */

/* Begin XCBuildConfiguration section */
		D46DAD101810618800D85090 /* Debug */ = {
			isa = XCBuildConfiguration;
			buildSettings = {
				ALWAYS_SEARCH_USER_PATHS = NO;
				CLANG_CXX_LANGUAGE_STANDARD = "gnu++0x";
				CLANG_CXX_LIBRARY = "libc++";
				CLANG_ENABLE_OBJC_ARC = YES;
				CLANG_WARN_CONSTANT_CONVERSION = YES;
				CLANG_WARN_EMPTY_BODY = YES;
				CLANG_WARN_ENUM_CONVERSION = YES;
				CLANG_WARN_INT_CONVERSION = YES;
				CLANG_WARN__DUPLICATE_METHOD_MATCH = YES;
				"CODE_SIGN_IDENTITY[sdk=iphoneos*]" = "iPhone Developer";
				COPY_PHASE_STRIP = NO;
				GCC_C_LANGUAGE_STANDARD = gnu99;
				GCC_DYNAMIC_NO_PIC = NO;
				GCC_OPTIMIZATION_LEVEL = 0;
				GCC_PREPROCESSOR_DEFINITIONS = (
					"DEBUG=1",
					"$(inherited)",
				);
				GCC_SYMBOLS_PRIVATE_EXTERN = NO;
				GCC_WARN_ABOUT_RETURN_TYPE = YES;
				GCC_WARN_UNINITIALIZED_AUTOS = YES;
				GCC_WARN_UNUSED_VARIABLE = YES;
				IPHONEOS_DEPLOYMENT_TARGET = 6.1;
				ONLY_ACTIVE_ARCH = YES;
				SDKROOT = iphoneos;
				TARGETED_DEVICE_FAMILY = 2;
			};
			name = Debug;
		};
		D46DAD111810618800D85090 /* Release */ = {
			isa = XCBuildConfiguration;
			buildSettings = {
				ALWAYS_SEARCH_USER_PATHS = NO;
				CLANG_CXX_LANGUAGE_STANDARD = "gnu++0x";
				CLANG_CXX_LIBRARY = "libc++";
				CLANG_ENABLE_OBJC_ARC = YES;
				CLANG_WARN_CONSTANT_CONVERSION = YES;
				CLANG_WARN_EMPTY_BODY = YES;
				CLANG_WARN_ENUM_CONVERSION = YES;
				CLANG_WARN_INT_CONVERSION = YES;
				CLANG_WARN__DUPLICATE_METHOD_MATCH = YES;
				"CODE_SIGN_IDENTITY[sdk=iphoneos*]" = "iPhone Developer";
				COPY_PHASE_STRIP = YES;
				GCC_C_LANGUAGE_STANDARD = gnu99;
				GCC_WARN_ABOUT_RETURN_TYPE = YES;
				GCC_WARN_UNINITIALIZED_AUTOS = YES;
				GCC_WARN_UNUSED_VARIABLE = YES;
				IPHONEOS_DEPLOYMENT_TARGET = 6.1;
				OTHER_CFLAGS = "-DNS_BLOCK_ASSERTIONS=1";
				SDKROOT = iphoneos;
				TARGETED_DEVICE_FAMILY = 2;
				VALIDATE_PRODUCT = YES;
			};
			name = Release;
		};
		D46DAD131810618800D85090 /* Debug */ = {
			isa = XCBuildConfiguration;
			buildSettings = {
				GCC_PRECOMPILE_PREFIX_HEADER = YES;
				GCC_PREFIX_HEADER = "boulder2/boulder2-Prefix.pch";
				INFOPLIST_FILE = "boulder2/boulder2-Info.plist";
				PRODUCT_NAME = "$(TARGET_NAME)";
				WRAPPER_EXTENSION = app;
			};
			name = Debug;
		};
		D46DAD141810618800D85090 /* Release */ = {
			isa = XCBuildConfiguration;
			buildSettings = {
				GCC_PRECOMPILE_PREFIX_HEADER = YES;
				GCC_PREFIX_HEADER = "boulder2/boulder2-Prefix.pch";
				INFOPLIST_FILE = "boulder2/boulder2-Info.plist";
				PRODUCT_NAME = "$(TARGET_NAME)";
				WRAPPER_EXTENSION = app;
			};
			name = Release;
		};
/* End XCBuildConfiguration section */

/* Begin XCConfigurationList section */
		D46DACDF1810618800D85090 /* Build configuration list for PBXProject "boulder2" */ = {
			isa = XCConfigurationList;
			buildConfigurations = (
				D46DAD101810618800D85090 /* Debug */,
				D46DAD111810618800D85090 /* Release */,
			);
			defaultConfigurationIsVisible = 0;
			defaultConfigurationName = Release;
		};
		D46DAD121810618800D85090 /* Build configuration list for PBXNativeTarget "boulder2" */ = {
			isa = XCConfigurationList;
			buildConfigurations = (
				D46DAD131810618800D85090 /* Debug */,
				D46DAD141810618800D85090 /* Release */,
			);
			defaultConfigurationIsVisible = 0;
			defaultConfigurationName = Release;
		};
/* End XCConfigurationList section */
	};
	rootObject = D46DACDC1810618800D85090 /* Project object */;
}
